
Microsoft Visual Studio Solution File, Format Version 12.00
# Visual Studio 15
VisualStudioVersion = 15.0.27130.2036
MinimumVisualStudioVersion = 10.0.40219.1
Project("{8BC9CEB8-8B4A-11D0-8D11-00A0C91BC942}") = "Kasco Engine", "Kasco Engine\Kasco Engine.vcxproj", "{A1EA96B4-A0CF-4469-A6D3-FC26B8E10943}"
EndProject
Global
	GlobalSection(SolutionConfigurationPlatforms) = preSolution
		Debug|x64 = Debug|x64
		Debug|x86 = Debug|x86
		Release|x64 = Release|x64
		Release|x86 = Release|x86
	EndGlobalSection
	GlobalSection(ProjectConfigurationPlatforms) = postSolution
		{A1EA96B4-A0CF-4469-A6D3-FC26B8E10943}.Debug|x64.ActiveCfg = Debug|x64
		{A1EA96B4-A0CF-4469-A6D3-FC26B8E10943}.Debug|x64.Build.0 = Debug|x64
		{A1EA96B4-A0CF-4469-A6D3-FC26B8E10943}.Debug|x86.ActiveCfg = Debug|Win32
		{A1EA96B4-A0CF-4469-A6D3-FC26B8E10943}.Debug|x86.Build.0 = Debug|Win32
		{A1EA96B4-A0CF-4469-A6D3-FC26B8E10943}.Release|x64.ActiveCfg = Release|x64
		{A1EA96B4-A0CF-4469-A6D3-FC26B8E10943}.Release|x64.Build.0 = Release|x64
		{A1EA96B4-A0CF-4469-A6D3-FC26B8E10943}.Release|x86.ActiveCfg = Release|Win32
		{A1EA96B4-A0CF-4469-A6D3-FC26B8E10943}.Release|x86.Build.0 = Release|Win32
	EndGlobalSection
	GlobalSection(SolutionProperties) = preSolution
		HideSolutionNode = FALSE
	EndGlobalSection
	GlobalSection(ExtensibilityGlobals) = postSolution
		SolutionGuid = {33ECE950-5F41-4B23-AF4E-80A11EEF1390}
	EndGlobalSection
EndGlobal
